
Microsoft Visual Studio Solution File, Format Version 12.00
# Visual Studio 15
VisualStudioVersion = 15.0.27703.2018
MinimumVisualStudioVersion = 10.0.40219.1
Project("{FAE04EC0-301F-11D3-BF4B-00C04F79EFBC}") = "Nondisplayable.Extras", "Nondisplayable.Extras.csproj", "{8CA3CED6-4D97-43FB-9DAD-48EC6D358996}"
EndProject
Project("{FAE04EC0-301F-11D3-BF4B-00C04F79EFBC}") = "Nondisplayable.Extras.Demo", "..\Nondisplayable.Extras.Demo\Nondisplayable.Extras.Demo.csproj", "{5FBD109B-B15F-44D1-8622-7AC9B44467F3}"
EndProject
Project("{FAE04EC0-301F-11D3-BF4B-00C04F79EFBC}") = "Nondisplayable.Extras.WinForms", "..\Nondisplayable.Extras.WinForms\Nondisplayable.Extras.WinForms.csproj", "{FB9DC1AC-DA6C-4763-91CA-56F51B4F0725}"
EndProject
Global
	GlobalSection(SolutionConfigurationPlatforms) = preSolution
		Debug|Any CPU = Debug|Any CPU
		Release|Any CPU = Release|Any CPU
	EndGlobalSection
	GlobalSection(ProjectConfigurationPlatforms) = postSolution
		{8CA3CED6-4D97-43FB-9DAD-48EC6D358996}.Debug|Any CPU.ActiveCfg = Debug|Any CPU
		{8CA3CED6-4D97-43FB-9DAD-48EC6D358996}.Debug|Any CPU.Build.0 = Debug|Any CPU
		{8CA3CED6-4D97-43FB-9DAD-48EC6D358996}.Release|Any CPU.ActiveCfg = Release|Any CPU
		{8CA3CED6-4D97-43FB-9DAD-48EC6D358996}.Release|Any CPU.Build.0 = Release|Any CPU
		{5FBD109B-B15F-44D1-8622-7AC9B44467F3}.Debug|Any CPU.ActiveCfg = Debug|Any CPU
		{5FBD109B-B15F-44D1-8622-7AC9B44467F3}.Debug|Any CPU.Build.0 = Debug|Any CPU
		{5FBD109B-B15F-44D1-8622-7AC9B44467F3}.Release|Any CPU.ActiveCfg = Release|Any CPU
		{5FBD109B-B15F-44D1-8622-7AC9B44467F3}.Release|Any CPU.Build.0 = Release|Any CPU
		{FB9DC1AC-DA6C-4763-91CA-56F51B4F0725}.Debug|Any CPU.ActiveCfg = Debug|Any CPU
		{FB9DC1AC-DA6C-4763-91CA-56F51B4F0725}.Debug|Any CPU.Build.0 = Debug|Any CPU
		{FB9DC1AC-DA6C-4763-91CA-56F51B4F0725}.Release|Any CPU.ActiveCfg = Release|Any CPU
		{FB9DC1AC-DA6C-4763-91CA-56F51B4F0725}.Release|Any CPU.Build.0 = Release|Any CPU
	EndGlobalSection
	GlobalSection(SolutionProperties) = preSolution
		HideSolutionNode = FALSE
	EndGlobalSection
	GlobalSection(ExtensibilityGlobals) = postSolution
		SolutionGuid = {68769530-9F23-4834-B666-882CA16A9AFA}
	EndGlobalSection
EndGlobal
